
Microsoft Visual Studio Solution File, Format Version 12.00
# Visual Studio Version 17
VisualStudioVersion = 17.11.35431.28
MinimumVisualStudioVersion = 10.0.40219.1
Project("{9A19103F-16F7-4668-BE54-9A1E7A4F7556}") = "QMW.ERP.Messenger.Domain", "QMW.ERP.Messenger.Domain\QMW.ERP.Messenger.Domain.csproj", "{EA749BB5-9BDA-4863-BDBA-183272AD18D2}"
EndProject
Project("{9A19103F-16F7-4668-BE54-9A1E7A4F7556}") = "QMW.ERP.Messenger.Persistence", "QMW.ERP.Messenger.Persistence\QMW.ERP.Messenger.Persistence.csproj", "{5563B1D0-E160-435D-ABA4-87F71AE6BB42}"
EndProject
Project("{9A19103F-16F7-4668-BE54-9A1E7A4F7556}") = "QMW.ERP.Messenger.API", "QMW.ERP.Messenger.API\QMW.ERP.Messenger.API.csproj", "{51BEADCB-0DDE-4718-8878-5D8C9DB10D1C}"
EndProject
Project("{9A19103F-16F7-4668-BE54-9A1E7A4F7556}") = "QMW.ERP.Messenger.Application", "QMW.ERP.Messenger.Application\QMW.ERP.Messenger.Application.csproj", "{988A3540-5928-4B9F-8C4C-FBBCCEE1CBFA}"
EndProject
Project("{9A19103F-16F7-4668-BE54-9A1E7A4F7556}") = "QMW.ERP.Messenger.Infrastructure", "QMW.ERP.Messenger.Infrastructure\QMW.ERP.Messenger.Infrastructure.csproj", "{D6BB29EF-D613-4059-A83C-788E27CD356E}"
EndProject
Project("{54A90642-561A-4BB1-A94E-469ADEE60C69}") = "qmw.erp.messenger.ui", "QMW.ERP.Messenger.UI\qmw.erp.messenger.ui.esproj", "{6920A57F-58F3-4340-895B-0E9ACFBF6058}"
EndProject
Global
	GlobalSection(SolutionConfigurationPlatforms) = preSolution
		Debug|Any CPU = Debug|Any CPU
		Release|Any CPU = Release|Any CPU
	EndGlobalSection
	GlobalSection(ProjectConfigurationPlatforms) = postSolution
		{EA749BB5-9BDA-4863-BDBA-183272AD18D2}.Debug|Any CPU.ActiveCfg = Debug|Any CPU
		{EA749BB5-9BDA-4863-BDBA-183272AD18D2}.Debug|Any CPU.Build.0 = Debug|Any CPU
		{EA749BB5-9BDA-4863-BDBA-183272AD18D2}.Release|Any CPU.ActiveCfg = Release|Any CPU
		{EA749BB5-9BDA-4863-BDBA-183272AD18D2}.Release|Any CPU.Build.0 = Release|Any CPU
		{5563B1D0-E160-435D-ABA4-87F71AE6BB42}.Debug|Any CPU.ActiveCfg = Debug|Any CPU
		{5563B1D0-E160-435D-ABA4-87F71AE6BB42}.Debug|Any CPU.Build.0 = Debug|Any CPU
		{5563B1D0-E160-435D-ABA4-87F71AE6BB42}.Release|Any CPU.ActiveCfg = Release|Any CPU
		{5563B1D0-E160-435D-ABA4-87F71AE6BB42}.Release|Any CPU.Build.0 = Release|Any CPU
		{51BEADCB-0DDE-4718-8878-5D8C9DB10D1C}.Debug|Any CPU.ActiveCfg = Debug|Any CPU
		{51BEADCB-0DDE-4718-8878-5D8C9DB10D1C}.Debug|Any CPU.Build.0 = Debug|Any CPU
		{51BEADCB-0DDE-4718-8878-5D8C9DB10D1C}.Release|Any CPU.ActiveCfg = Release|Any CPU
		{51BEADCB-0DDE-4718-8878-5D8C9DB10D1C}.Release|Any CPU.Build.0 = Release|Any CPU
		{988A3540-5928-4B9F-8C4C-FBBCCEE1CBFA}.Debug|Any CPU.ActiveCfg = Debug|Any CPU
		{988A3540-5928-4B9F-8C4C-FBBCCEE1CBFA}.Debug|Any CPU.Build.0 = Debug|Any CPU
		{988A3540-5928-4B9F-8C4C-FBBCCEE1CBFA}.Release|Any CPU.ActiveCfg = Release|Any CPU
		{988A3540-5928-4B9F-8C4C-FBBCCEE1CBFA}.Release|Any CPU.Build.0 = Release|Any CPU
		{D6BB29EF-D613-4059-A83C-788E27CD356E}.Debug|Any CPU.ActiveCfg = Debug|Any CPU
		{D6BB29EF-D613-4059-A83C-788E27CD356E}.Debug|Any CPU.Build.0 = Debug|Any CPU
		{D6BB29EF-D613-4059-A83C-788E27CD356E}.Release|Any CPU.ActiveCfg = Release|Any CPU
		{D6BB29EF-D613-4059-A83C-788E27CD356E}.Release|Any CPU.Build.0 = Release|Any CPU
		{6920A57F-58F3-4340-895B-0E9ACFBF6058}.Debug|Any CPU.ActiveCfg = Debug|Any CPU
		{6920A57F-58F3-4340-895B-0E9ACFBF6058}.Debug|Any CPU.Build.0 = Debug|Any CPU
		{6920A57F-58F3-4340-895B-0E9ACFBF6058}.Debug|Any CPU.Deploy.0 = Debug|Any CPU
		{6920A57F-58F3-4340-895B-0E9ACFBF6058}.Release|Any CPU.ActiveCfg = Release|Any CPU
		{6920A57F-58F3-4340-895B-0E9ACFBF6058}.Release|Any CPU.Build.0 = Release|Any CPU
		{6920A57F-58F3-4340-895B-0E9ACFBF6058}.Release|Any CPU.Deploy.0 = Release|Any CPU
	EndGlobalSection
	GlobalSection(SolutionProperties) = preSolution
		HideSolutionNode = FALSE
	EndGlobalSection
	GlobalSection(ExtensibilityGlobals) = postSolution
		SolutionGuid = {9E7162FE-9A36-4D94-A5E9-42BFE61C278E}
	EndGlobalSection
EndGlobal
